
Microsoft Visual Studio Solution File, Format Version 12.00
# Visual Studio Version 16
VisualStudioVersion = 25.0.1706.7
MinimumVisualStudioVersion = 10.0.40219.1
Project("{FAE04EC0-301F-11D3-BF4B-00C04F79EFBC}") = "MedoxPro.Server", "MedoxPro\Server\MedoxPro.Server.csproj", "{2F99D689-3E87-4ADB-A5E2-4FB6083CD245}"
EndProject
Project("{FAE04EC0-301F-11D3-BF4B-00C04F79EFBC}") = "MedoxPro.Client", "MedoxPro\Client\MedoxPro.Client.csproj", "{A61B5B93-949F-4D71-B2DF-F7E0BCB4BBFD}"
EndProject
Project("{FAE04EC0-301F-11D3-BF4B-00C04F79EFBC}") = "MedoxPro.Shared", "MedoxPro\Shared\MedoxPro.Shared.csproj", "{751C4ACE-87CB-4930-8418-68C7D23064DC}"
EndProject
Project("{E53339B2-1760-4266-BCC7-CA923CBCF16C}") = "docker-compose", "docker-compose.dcproj", "{DD6D069F-B243-4250-A5C4-04D58E3EE7F6}"
EndProject
Global
	GlobalSection(SolutionConfigurationPlatforms) = preSolution
		Debug|Any CPU = Debug|Any CPU
		Release|Any CPU = Release|Any CPU
	EndGlobalSection
	GlobalSection(ProjectConfigurationPlatforms) = postSolution
		{2F99D689-3E87-4ADB-A5E2-4FB6083CD245}.Debug|Any CPU.ActiveCfg = Debug|Any CPU
		{2F99D689-3E87-4ADB-A5E2-4FB6083CD245}.Debug|Any CPU.Build.0 = Debug|Any CPU
		{2F99D689-3E87-4ADB-A5E2-4FB6083CD245}.Release|Any CPU.ActiveCfg = Release|Any CPU
		{2F99D689-3E87-4ADB-A5E2-4FB6083CD245}.Release|Any CPU.Build.0 = Release|Any CPU
		{A61B5B93-949F-4D71-B2DF-F7E0BCB4BBFD}.Debug|Any CPU.ActiveCfg = Debug|Any CPU
		{A61B5B93-949F-4D71-B2DF-F7E0BCB4BBFD}.Debug|Any CPU.Build.0 = Debug|Any CPU
		{A61B5B93-949F-4D71-B2DF-F7E0BCB4BBFD}.Release|Any CPU.ActiveCfg = Release|Any CPU
		{A61B5B93-949F-4D71-B2DF-F7E0BCB4BBFD}.Release|Any CPU.Build.0 = Release|Any CPU
		{751C4ACE-87CB-4930-8418-68C7D23064DC}.Debug|Any CPU.ActiveCfg = Debug|Any CPU
		{751C4ACE-87CB-4930-8418-68C7D23064DC}.Debug|Any CPU.Build.0 = Debug|Any CPU
		{751C4ACE-87CB-4930-8418-68C7D23064DC}.Release|Any CPU.ActiveCfg = Release|Any CPU
		{751C4ACE-87CB-4930-8418-68C7D23064DC}.Release|Any CPU.Build.0 = Release|Any CPU
		{DD6D069F-B243-4250-A5C4-04D58E3EE7F6}.Debug|Any CPU.ActiveCfg = Debug|Any CPU
		{DD6D069F-B243-4250-A5C4-04D58E3EE7F6}.Debug|Any CPU.Build.0 = Debug|Any CPU
		{DD6D069F-B243-4250-A5C4-04D58E3EE7F6}.Release|Any CPU.ActiveCfg = Release|Any CPU
		{DD6D069F-B243-4250-A5C4-04D58E3EE7F6}.Release|Any CPU.Build.0 = Release|Any CPU
	EndGlobalSection
	GlobalSection(SolutionProperties) = preSolution
		HideSolutionNode = FALSE
	EndGlobalSection
	GlobalSection(ExtensibilityGlobals) = postSolution
		SolutionGuid = {5F14ABED-832C-4147-A058-6ACD51ECC2EA}
	EndGlobalSection
EndGlobal
